{
  "name": "configami-docs",
  "version": "1.0.0",
  "lockfileVersion": 1,
  "requires": true,
  "dependencies": {
    "uilicious-cli": {
      "version": "5.0.4",
      "resolved": "https://registry.npmjs.org/uilicious-cli/-/uilicious-cli-5.0.4.tgz",
      "integrity": "sha512-Nwt4UxXZTgWrD16PXoUFq5gT877wum5IgEbGs0zglEVKwi948oCAsUghMyjw8/l8mVFQKxTPFrzx9H3OedK55Q==",
      "requires": {
        "@uilicious/cli-alpine-64bit": "5.0.4",
        "@uilicious/cli-linux-64bit": "5.0.4",
        "@uilicious/cli-macos-64bit": "5.0.4",
        "@uilicious/cli-windows-64bit": "5.0.4"
      },
      "dependencies": {
        "@uilicious/cli-alpine-64bit": {
          "version": "5.0.4",
          "resolved": "https://registry.npmjs.org/@uilicious/cli-alpine-64bit/-/cli-alpine-64bit-5.0.4.tgz",
          "integrity": "sha512-8Rsw0pH8MagSMJWGFe7NgM8+7krgI5zPgnnEW9aaN6hm6/n3MiTtbsrAUpf8flSqWDyo9usFeACDd4qonRnl1A==",
          "optional": true
        },
        "@uilicious/cli-linux-64bit": {
          "version": "5.0.4",
          "resolved": "https://registry.npmjs.org/@uilicious/cli-linux-64bit/-/cli-linux-64bit-5.0.4.tgz",
          "integrity": "sha512-0dKb8W2bdH1qZObP63hRhIATGWDH2asH6dvLHpYHBP0FetwwKe5y9Yjl97wff+YHFXQfk/jowRm65qGkz655gA==",
          "optional": true
        },
        "@uilicious/cli-macos-64bit": {
          "version": "5.0.4",
          "resolved": "https://registry.npmjs.org/@uilicious/cli-macos-64bit/-/cli-macos-64bit-5.0.4.tgz",
          "integrity": "sha512-prlAQoMvBGdD8Xbszsv8isL4EuhNwLNSh9letoamgsRg8uuwtA00il3hSV+CqCa+nWxcGV0vFZLppbiks1+Hmg==",
          "optional": true
        },
        "@uilicious/cli-windows-64bit": {
          "version": "5.0.4",
          "resolved": "https://registry.npmjs.org/@uilicious/cli-windows-64bit/-/cli-windows-64bit-5.0.4.tgz",
          "integrity": "sha512-8uxQk1AtabJnR9JJRxKifTq8aAts6vcWfgMF9QIypLmihPbn168XI7vvvonJ5oWgyGyAebXenY/TaCULs1SWjg==",
          "optional": true
        }
      }
    }
  }
}
